
Microsoft Visual Studio Solution File, Format Version 12.00
# Visual Studio Version 17
VisualStudioVersion = 17.12.35527.113
MinimumVisualStudioVersion = 10.0.40219.1
Project("{FAE04EC0-301F-11D3-BF4B-00C04F79EFBC}") = "GroupByFieldsAndTime", "GroupByFieldsAndTime\GroupByFieldsAndTime.csproj", "{1DC1553D-1214-408D-9AA1-23C97A14FAA4}"
EndProject
Project("{FAE04EC0-301F-11D3-BF4B-00C04F79EFBC}") = "AutoClick", "AutoClick\AutoClick.csproj", "{E3482B6C-02A3-456E-847A-10F6E96EC0F9}"
EndProject
Project("{2150E333-8FDC-42A3-9474-1A3956D46DE8}") = ".github", ".github", "{9975A4A2-CB1C-4833-AD09-8327E640CAF8}"
EndProject
Project("{2150E333-8FDC-42A3-9474-1A3956D46DE8}") = "workflows", "workflows", "{C32C6309-8F22-4955-AAFB-6B732BEA64A9}"
	ProjectSection(SolutionItems) = preProject
		.github\workflows\Sync-Gitee.yml = .github\workflows\Sync-Gitee.yml
	EndProjectSection
EndProject
Project("{FAE04EC0-301F-11D3-BF4B-00C04F79EFBC}") = "EdgeCollection", "EdgeCollection\EdgeCollection.csproj", "{9A6D843D-9ABE-4565-BA49-A99DD191482F}"
EndProject
Global
	GlobalSection(SolutionConfigurationPlatforms) = preSolution
		Debug|Any CPU = Debug|Any CPU
		Release|Any CPU = Release|Any CPU
	EndGlobalSection
	GlobalSection(ProjectConfigurationPlatforms) = postSolution
		{1DC1553D-1214-408D-9AA1-23C97A14FAA4}.Debug|Any CPU.ActiveCfg = Debug|Any CPU
		{1DC1553D-1214-408D-9AA1-23C97A14FAA4}.Debug|Any CPU.Build.0 = Debug|Any CPU
		{1DC1553D-1214-408D-9AA1-23C97A14FAA4}.Release|Any CPU.ActiveCfg = Release|Any CPU
		{1DC1553D-1214-408D-9AA1-23C97A14FAA4}.Release|Any CPU.Build.0 = Release|Any CPU
		{E3482B6C-02A3-456E-847A-10F6E96EC0F9}.Debug|Any CPU.ActiveCfg = Debug|Any CPU
		{E3482B6C-02A3-456E-847A-10F6E96EC0F9}.Debug|Any CPU.Build.0 = Debug|Any CPU
		{E3482B6C-02A3-456E-847A-10F6E96EC0F9}.Release|Any CPU.ActiveCfg = Release|Any CPU
		{E3482B6C-02A3-456E-847A-10F6E96EC0F9}.Release|Any CPU.Build.0 = Release|Any CPU
		{9A6D843D-9ABE-4565-BA49-A99DD191482F}.Debug|Any CPU.ActiveCfg = Debug|Any CPU
		{9A6D843D-9ABE-4565-BA49-A99DD191482F}.Debug|Any CPU.Build.0 = Debug|Any CPU
		{9A6D843D-9ABE-4565-BA49-A99DD191482F}.Release|Any CPU.ActiveCfg = Release|Any CPU
		{9A6D843D-9ABE-4565-BA49-A99DD191482F}.Release|Any CPU.Build.0 = Release|Any CPU
	EndGlobalSection
	GlobalSection(SolutionProperties) = preSolution
		HideSolutionNode = FALSE
	EndGlobalSection
	GlobalSection(NestedProjects) = preSolution
		{C32C6309-8F22-4955-AAFB-6B732BEA64A9} = {9975A4A2-CB1C-4833-AD09-8327E640CAF8}
	EndGlobalSection
EndGlobal
